
Microsoft Visual Studio Solution File, Format Version 12.00
# Visual Studio Version 16
VisualStudioVersion = 16.0.32428.217
MinimumVisualStudioVersion = 10.0.40219.1
Project("{FAE04EC0-301F-11D3-BF4B-00C04F79EFBC}") = "BILHETERIA", "BILHETERIA\BILHETERIA.csproj", "{86A4C1CF-E18B-4705-8400-05607389F70C}"
EndProject
Global
	GlobalSection(SolutionConfigurationPlatforms) = preSolution
		Debug|Any CPU = Debug|Any CPU
		Release|Any CPU = Release|Any CPU
	EndGlobalSection
	GlobalSection(ProjectConfigurationPlatforms) = postSolution
		{86A4C1CF-E18B-4705-8400-05607389F70C}.Debug|Any CPU.ActiveCfg = Debug|Any CPU
		{86A4C1CF-E18B-4705-8400-05607389F70C}.Debug|Any CPU.Build.0 = Debug|Any CPU
		{86A4C1CF-E18B-4705-8400-05607389F70C}.Release|Any CPU.ActiveCfg = Release|Any CPU
		{86A4C1CF-E18B-4705-8400-05607389F70C}.Release|Any CPU.Build.0 = Release|Any CPU
	EndGlobalSection
	GlobalSection(SolutionProperties) = preSolution
		HideSolutionNode = FALSE
	EndGlobalSection
	GlobalSection(ExtensibilityGlobals) = postSolution
		SolutionGuid = {19F4A7CB-C885-422A-BF11-0AF07E2BD45B}
	EndGlobalSection
EndGlobal
